<?xml version="1.0" encoding="utf-8"?>
<Project ToolsVersion="4.0" xmlns="http://schemas.microsoft.com/developer/msbuild/2003">
  <ItemGroup>
    <Filter Include="Source Files">
      <UniqueIdentifier>{4FC737F1-C7A5-4376-A066-2A32D752A2FF}</UniqueIdentifier>
      <Extensions>cpp;c;cc;cxx;def;odl;idl;hpj;bat;asm;asmx</Extensions>
    </Filter>
    <Filter Include="Header Files">
      <UniqueIdentifier>{93995380-89BD-4b04-88EB-625FBE52EBFB}</UniqueIdentifier>
      <Extensions>h;hpp;hxx;hm;inl;inc;xsd</Extensions>
    </Filter>
    <Filter Include="Resource Files">
      <UniqueIdentifier>{67DA6AB6-F800-4c08-8B7A-83BB121AAD01}</UniqueIdentifier>
      <Extensions>rc;ico;cur;bmp;dlg;rc2;rct;bin;rgs;gif;jpg;jpeg;jpe;resx;tiff;tif;png;wav;mfcribbon-ms</Extensions>
    </Filter>
    <Filter Include="Renderer">
      <UniqueIdentifier>{a8248b6b-c274-40b1-986f-f8fc4a705318}</UniqueIdentifier>
    </Filter>
    <Filter Include="Scenes">
      <UniqueIdentifier>{7e222d43-f2c9-4cb5-9a65-a6ac7b9d9f82}</UniqueIdentifier>
    </Filter>
    <Filter Include="PlayScene">
      <UniqueIdentifier>{8c710fba-757b-425e-9590-5c049869f860}</UniqueIdentifier>
    </Filter>
    <Filter Include="Util Elements">
      <UniqueIdentifier>{116ad042-b789-4850-a40f-cc5165d557fa}</UniqueIdentifier>
    </Filter>
    <Filter Include="GameData">
      <UniqueIdentifier>{2e406798-e4d9-4140-a766-7274f2ddebe0}</UniqueIdentifier>
    </Filter>
    <Filter Include="MainScene">
      <UniqueIdentifier>{bf8a529b-3e39-411e-8aeb-20c9291d73a4}</UniqueIdentifier>
    </Filter>
    <Filter Include="OpeningScene">
      <UniqueIdentifier>{4f0dc0cc-2921-4fde-8e42-7d28f706c26e}</UniqueIdentifier>
    </Filter>
  </ItemGroup>
  <ItemGroup>
    <Text Include="ReadMe.txt" />
    <Text Include="memo.txt" />
    <Text Include="updateNote.txt" />
  </ItemGroup>
  <ItemGroup>
    <ClInclude Include="stdafx.h">
      <Filter>Header Files</Filter>
    </ClInclude>
    <ClInclude Include="targetver.h">
      <Filter>Header Files</Filter>
    </ClInclude>
    <ClInclude Include="Resource.h">
      <Filter>Header Files</Filter>
    </ClInclude>
    <ClInclude Include="Renderer.h">
      <Filter>Renderer</Filter>
    </ClInclude>
    <ClInclude Include="BlackBags.h">
      <Filter>Source Files</Filter>
    </ClInclude>
    <ClInclude Include="MacroSet.h">
      <Filter>Util Elements</Filter>
    </ClInclude>
    <ClInclude Include="config.h">
      <Filter>Header Files</Filter>
    </ClInclude>
    <ClInclude Include="SceneManager.h">
      <Filter>Scenes</Filter>
    </ClInclude>
    <ClInclude Include="Scene.h">
      <Filter>Scenes</Filter>
    </ClInclude>
    <ClInclude Include="SceneObject.h">
      <Filter>Scenes</Filter>
    </ClInclude>
    <ClInclude Include="ResultScene.h">
      <Filter>Util Elements</Filter>
    </ClInclude>
    <ClInclude Include="SettingScene.h">
      <Filter>Util Elements</Filter>
    </ClInclude>
    <ClInclude Include="CreditScene.h">
      <Filter>Util Elements</Filter>
    </ClInclude>
    <ClInclude Include="Player.h">
      <Filter>PlayScene</Filter>
    </ClInclude>
    <ClInclude Include="PlayScene.h">
      <Filter>PlayScene</Filter>
    </ClInclude>
    <ClInclude Include="GameMap.h">
      <Filter>PlayScene</Filter>
    </ClInclude>
    <ClInclude Include="FPS.h">
      <Filter>Renderer</Filter>
    </ClInclude>
    <ClInclude Include="GameData.h">
      <Filter>GameData</Filter>
    </ClInclude>
    <ClInclude Include="MainScene.h">
      <Filter>MainScene</Filter>
    </ClInclude>
    <ClInclude Include="MainMenu.h">
      <Filter>MainScene</Filter>
    </ClInclude>
    <ClInclude Include="GameTimer.h">
      <Filter>PlayScene</Filter>
    </ClInclude>
    <ClInclude Include="OpeningScene.h">
      <Filter>OpeningScene</Filter>
    </ClInclude>
    <ClInclude Include="VideoRender.h">
      <Filter>Renderer</Filter>
    </ClInclude>
    <ClInclude Include="bandivid.h">
      <Filter>Renderer</Filter>
    </ClInclude>
    <ClInclude Include="BandiVideoLibrary.h">
      <Filter>Renderer</Filter>
    </ClInclude>
    <ClInclude Include="BandiVideoTexture.h">
      <Filter>Renderer</Filter>
    </ClInclude>
    <ClInclude Include="BandiVideoTexture_DX9.h">
      <Filter>Renderer</Filter>
    </ClInclude>
  </ItemGroup>
  <ItemGroup>
    <ClCompile Include="stdafx.cpp">
      <Filter>Source Files</Filter>
    </ClCompile>
    <ClCompile Include="Renderer.cpp">
      <Filter>Renderer</Filter>
    </ClCompile>
    <ClCompile Include="BlackBags.cpp">
      <Filter>Source Files</Filter>
    </ClCompile>
    <ClCompile Include="SceneManager.cpp">
      <Filter>Scenes</Filter>
    </ClCompile>
    <ClCompile Include="Scene.cpp">
      <Filter>Scenes</Filter>
    </ClCompile>
    <ClCompile Include="SceneObject.cpp">
      <Filter>Scenes</Filter>
    </ClCompile>
    <ClCompile Include="ResultScene.cpp">
      <Filter>Util Elements</Filter>
    </ClCompile>
    <ClCompile Include="SettingScene.cpp">
      <Filter>Util Elements</Filter>
    </ClCompile>
    <ClCompile Include="CreditScene.cpp">
      <Filter>Util Elements</Filter>
    </ClCompile>
    <ClCompile Include="Player.cpp">
      <Filter>PlayScene</Filter>
    </ClCompile>
    <ClCompile Include="PlayScene.cpp">
      <Filter>PlayScene</Filter>
    </ClCompile>
    <ClCompile Include="GameMap.cpp">
      <Filter>PlayScene</Filter>
    </ClCompile>
    <ClCompile Include="FPS.cpp">
      <Filter>Renderer</Filter>
    </ClCompile>
    <ClCompile Include="GameData.cpp">
      <Filter>GameData</Filter>
    </ClCompile>
    <ClCompile Include="MainScene.cpp">
      <Filter>MainScene</Filter>
    </ClCompile>
    <ClCompile Include="MainMenu.cpp">
      <Filter>MainScene</Filter>
    </ClCompile>
    <ClCompile Include="GameTimer.cpp">
      <Filter>PlayScene</Filter>
    </ClCompile>
    <ClCompile Include="OpeningScene.cpp">
      <Filter>OpeningScene</Filter>
    </ClCompile>
    <ClCompile Include="VideoRender.cpp">
      <Filter>Renderer</Filter>
    </ClCompile>
    <ClCompile Include="BandiVideoLibrary.cpp">
      <Filter>Renderer</Filter>
    </ClCompile>
    <ClCompile Include="BandiVideoTexture_DX9.cpp">
      <Filter>Renderer</Filter>
    </ClCompile>
  </ItemGroup>
  <ItemGroup>
    <Image Include="BlackBags.ico">
      <Filter>Resource Files</Filter>
    </Image>
    <Image Include="small.ico">
      <Filter>PlayScene</Filter>
    </Image>
  </ItemGroup>
  <ItemGroup>
    <ResourceCompile Include="BlackBags.rc">
      <Filter>Resource Files</Filter>
    </ResourceCompile>
  </ItemGroup>
</Project>