<?xml version="1.0" encoding="utf-8"?>
<Project ToolsVersion="4.0" xmlns="http://schemas.microsoft.com/developer/msbuild/2003">
  <ItemGroup>
    <Filter Include="Resource Files">
      <UniqueIdentifier>{67DA6AB6-F800-4c08-8B7A-83BB121AAD01}</UniqueIdentifier>
      <Extensions>rc;ico;cur;bmp;dlg;rc2;rct;bin;rgs;gif;jpg;jpeg;jpe;resx;tiff;tif;png;wav;mfcribbon-ms</Extensions>
    </Filter>
    <Filter Include="Renderer">
      <UniqueIdentifier>{a8248b6b-c274-40b1-986f-f8fc4a705318}</UniqueIdentifier>
    </Filter>
    <Filter Include="Scenes">
      <UniqueIdentifier>{7e222d43-f2c9-4cb5-9a65-a6ac7b9d9f82}</UniqueIdentifier>
    </Filter>
    <Filter Include="Util Elements">
      <UniqueIdentifier>{116ad042-b789-4850-a40f-cc5165d557fa}</UniqueIdentifier>
    </Filter>
    <Filter Include="GameData">
      <UniqueIdentifier>{2e406798-e4d9-4140-a766-7274f2ddebe0}</UniqueIdentifier>
    </Filter>
    <Filter Include="ThirdParty">
      <UniqueIdentifier>{664a050d-6d90-44a0-94f9-d35bd929da18}</UniqueIdentifier>
    </Filter>
    <Filter Include="Scenes\SettingScene">
      <UniqueIdentifier>{5866b183-6a75-4fee-83f4-10b72e4e9c86}</UniqueIdentifier>
    </Filter>
    <Filter Include="Scenes\ReusltScene">
      <UniqueIdentifier>{fa830e96-8976-48cc-86aa-3e45e0bc1592}</UniqueIdentifier>
    </Filter>
    <Filter Include="Scenes\PlayScene">
      <UniqueIdentifier>{8c710fba-757b-425e-9590-5c049869f860}</UniqueIdentifier>
    </Filter>
    <Filter Include="Scenes\OpeningScene">
      <UniqueIdentifier>{4f0dc0cc-2921-4fde-8e42-7d28f706c26e}</UniqueIdentifier>
    </Filter>
    <Filter Include="Scenes\MainScene">
      <UniqueIdentifier>{bf8a529b-3e39-411e-8aeb-20c9291d73a4}</UniqueIdentifier>
    </Filter>
    <Filter Include="Renderer\SoundRenderer">
      <UniqueIdentifier>{bd6b01c1-0187-441a-874c-bca29f812d94}</UniqueIdentifier>
    </Filter>
    <Filter Include="Renderer\VideoRenderer">
      <UniqueIdentifier>{aa363355-10d8-4cfb-b69b-08e4b47b1a77}</UniqueIdentifier>
    </Filter>
    <Filter Include="Scenes\CreditScene">
      <UniqueIdentifier>{5270b13c-1ce4-4fbd-9d4d-4df8cd2b780a}</UniqueIdentifier>
    </Filter>
    <Filter Include="BlackBags">
      <UniqueIdentifier>{93995380-89BD-4b04-88EB-625FBE52EBFB}</UniqueIdentifier>
      <Extensions>h;hpp;hxx;hm;inl;inc;xsd</Extensions>
    </Filter>
    <Filter Include="Network">
      <UniqueIdentifier>{c71a4991-76c1-42d2-99e3-6599bafa5d00}</UniqueIdentifier>
    </Filter>
    <Filter Include="Scenes\NetworkSettingScene">
      <UniqueIdentifier>{e24faa2c-8a92-4f9f-bae0-71bf8cf852bf}</UniqueIdentifier>
    </Filter>
    <Filter Include="Scenes\NetworkPlayScene">
      <UniqueIdentifier>{8e20a725-2bd9-427a-b66a-f66ca90e9d10}</UniqueIdentifier>
    </Filter>
  </ItemGroup>
  <ItemGroup>
    <Text Include="ReadMe.txt" />
    <Text Include="memo.txt" />
    <Text Include="updateNote.txt" />
  </ItemGroup>
  <ItemGroup>
    <ClInclude Include="stdafx.h">
      <Filter>BlackBags</Filter>
    </ClInclude>
    <ClInclude Include="targetver.h">
      <Filter>BlackBags</Filter>
    </ClInclude>
    <ClInclude Include="Resource.h">
      <Filter>BlackBags</Filter>
    </ClInclude>
    <ClInclude Include="Renderer.h">
      <Filter>Renderer</Filter>
    </ClInclude>
    <ClInclude Include="MacroSet.h">
      <Filter>Util Elements</Filter>
    </ClInclude>
    <ClInclude Include="config.h">
      <Filter>BlackBags</Filter>
    </ClInclude>
    <ClInclude Include="SceneManager.h">
      <Filter>Scenes</Filter>
    </ClInclude>
    <ClInclude Include="Scene.h">
      <Filter>Scenes</Filter>
    </ClInclude>
    <ClInclude Include="SceneObject.h">
      <Filter>Scenes</Filter>
    </ClInclude>
    <ClInclude Include="PlayScene.h">
      <Filter>Scenes\PlayScene</Filter>
    </ClInclude>
    <ClInclude Include="GameMap.h">
      <Filter>Scenes\PlayScene</Filter>
    </ClInclude>
    <ClInclude Include="FPS.h">
      <Filter>Renderer</Filter>
    </ClInclude>
    <ClInclude Include="GameData.h">
      <Filter>GameData</Filter>
    </ClInclude>
    <ClInclude Include="MainScene.h">
      <Filter>Scenes\MainScene</Filter>
    </ClInclude>
    <ClInclude Include="MainMenu.h">
      <Filter>Scenes\MainScene</Filter>
    </ClInclude>
    <ClInclude Include="GameTimer.h">
      <Filter>Scenes\PlayScene</Filter>
    </ClInclude>
    <ClInclude Include="OpeningScene.h">
      <Filter>Scenes\OpeningScene</Filter>
    </ClInclude>
    <ClInclude Include="ResultScene.h">
      <Filter>Scenes\ReusltScene</Filter>
    </ClInclude>
    <ClInclude Include="SettingScene.h">
      <Filter>Scenes\SettingScene</Filter>
    </ClInclude>
    <ClInclude Include="GameResult.h">
      <Filter>Scenes\ReusltScene</Filter>
    </ClInclude>
    <ClInclude Include="SettingMenu.h">
      <Filter>Scenes\SettingScene</Filter>
    </ClInclude>
    <ClInclude Include="CreditScene.h">
      <Filter>Scenes\CreditScene</Filter>
    </ClInclude>
    <ClInclude Include="bandivid.h">
      <Filter>ThirdParty</Filter>
    </ClInclude>
    <ClInclude Include="BandiVideoLibrary.h">
      <Filter>ThirdParty</Filter>
    </ClInclude>
    <ClInclude Include="BandiVideoTexture.h">
      <Filter>ThirdParty</Filter>
    </ClInclude>
    <ClInclude Include="BandiVideoTexture_DX9.h">
      <Filter>ThirdParty</Filter>
    </ClInclude>
    <ClInclude Include="SoundRenderer.h">
      <Filter>Renderer\SoundRenderer</Filter>
    </ClInclude>
    <ClInclude Include="VideoRender.h">
      <Filter>Renderer\VideoRenderer</Filter>
    </ClInclude>
    <ClInclude Include="Library\FMOD\inc\fmod.hpp">
      <Filter>ThirdParty</Filter>
    </ClInclude>
    <ClInclude Include="Library\FMOD\inc\fmod_errors.h">
      <Filter>ThirdParty</Filter>
    </ClInclude>
    <ClInclude Include="Player.h">
      <Filter>GameData</Filter>
    </ClInclude>
    <ClInclude Include="BlackBags.h">
      <Filter>BlackBags</Filter>
    </ClInclude>
    <ClInclude Include="NetworkManager.h">
      <Filter>Network</Filter>
    </ClInclude>
    <ClInclude Include="CircularBuffer.h">
      <Filter>Network</Filter>
    </ClInclude>
    <ClInclude Include="PacketType.h">
      <Filter>Network</Filter>
    </ClInclude>
    <ClInclude Include="NetworkSettingScene.h">
      <Filter>Scenes\NetworkSettingScene</Filter>
    </ClInclude>
    <ClInclude Include="NetworkSettingMenu.h">
      <Filter>Scenes\NetworkSettingScene</Filter>
    </ClInclude>
    <ClInclude Include="NetworkGameMap.h">
      <Filter>Scenes\NetworkPlayScene</Filter>
    </ClInclude>
    <ClInclude Include="NetworkPlayScene.h">
      <Filter>Scenes\NetworkPlayScene</Filter>
    </ClInclude>
  </ItemGroup>
  <ItemGroup>
    <ClCompile Include="Renderer.cpp">
      <Filter>Renderer</Filter>
    </ClCompile>
    <ClCompile Include="SceneManager.cpp">
      <Filter>Scenes</Filter>
    </ClCompile>
    <ClCompile Include="Scene.cpp">
      <Filter>Scenes</Filter>
    </ClCompile>
    <ClCompile Include="SceneObject.cpp">
      <Filter>Scenes</Filter>
    </ClCompile>
    <ClCompile Include="PlayScene.cpp">
      <Filter>Scenes\PlayScene</Filter>
    </ClCompile>
    <ClCompile Include="GameMap.cpp">
      <Filter>Scenes\PlayScene</Filter>
    </ClCompile>
    <ClCompile Include="FPS.cpp">
      <Filter>Renderer</Filter>
    </ClCompile>
    <ClCompile Include="GameData.cpp">
      <Filter>GameData</Filter>
    </ClCompile>
    <ClCompile Include="MainScene.cpp">
      <Filter>Scenes\MainScene</Filter>
    </ClCompile>
    <ClCompile Include="MainMenu.cpp">
      <Filter>Scenes\MainScene</Filter>
    </ClCompile>
    <ClCompile Include="GameTimer.cpp">
      <Filter>Scenes\PlayScene</Filter>
    </ClCompile>
    <ClCompile Include="OpeningScene.cpp">
      <Filter>Scenes\OpeningScene</Filter>
    </ClCompile>
    <ClCompile Include="ResultScene.cpp">
      <Filter>Scenes\ReusltScene</Filter>
    </ClCompile>
    <ClCompile Include="SettingScene.cpp">
      <Filter>Scenes\SettingScene</Filter>
    </ClCompile>
    <ClCompile Include="GameResult.cpp">
      <Filter>Scenes\ReusltScene</Filter>
    </ClCompile>
    <ClCompile Include="SettingMenu.cpp">
      <Filter>Scenes\SettingScene</Filter>
    </ClCompile>
    <ClCompile Include="CreditScene.cpp">
      <Filter>Scenes\CreditScene</Filter>
    </ClCompile>
    <ClCompile Include="BandiVideoLibrary.cpp">
      <Filter>ThirdParty</Filter>
    </ClCompile>
    <ClCompile Include="BandiVideoTexture_DX9.cpp">
      <Filter>ThirdParty</Filter>
    </ClCompile>
    <ClCompile Include="SoundRenderer.cpp">
      <Filter>Renderer\SoundRenderer</Filter>
    </ClCompile>
    <ClCompile Include="VideoRender.cpp">
      <Filter>Renderer\VideoRenderer</Filter>
    </ClCompile>
    <ClCompile Include="Player.cpp">
      <Filter>GameData</Filter>
    </ClCompile>
    <ClCompile Include="BlackBags.cpp">
      <Filter>BlackBags</Filter>
    </ClCompile>
    <ClCompile Include="stdafx.cpp">
      <Filter>BlackBags</Filter>
    </ClCompile>
    <ClCompile Include="NetworkManager.cpp">
      <Filter>Network</Filter>
    </ClCompile>
    <ClCompile Include="CircularBuffer.cpp">
      <Filter>Network</Filter>
    </ClCompile>
    <ClCompile Include="NetworkSettingScene.cpp">
      <Filter>Scenes\NetworkSettingScene</Filter>
    </ClCompile>
    <ClCompile Include="NetworkSettingMenu.cpp">
      <Filter>Scenes\NetworkSettingScene</Filter>
    </ClCompile>
    <ClCompile Include="NetworkGameMap.cpp">
      <Filter>Scenes\NetworkPlayScene</Filter>
    </ClCompile>
    <ClCompile Include="NetworkPlayScene.cpp">
      <Filter>Scenes\NetworkPlayScene</Filter>
    </ClCompile>
  </ItemGroup>
  <ItemGroup>
    <Image Include="BlackBags.ico">
      <Filter>Resource Files</Filter>
    </Image>
    <Image Include="small.ico">
      <Filter>Scenes\PlayScene</Filter>
    </Image>
  </ItemGroup>
  <ItemGroup>
    <ResourceCompile Include="BlackBags.rc">
      <Filter>Resource Files</Filter>
    </ResourceCompile>
  </ItemGroup>
  <ItemGroup>
    <None Include="credit.avi">
      <Filter>Resource Files</Filter>
    </None>
    <None Include="opening.avi">
      <Filter>Resource Files</Filter>
    </None>
  </ItemGroup>
</Project>